// !$*UTF8*$!
{
	archiveVersion = 1;
	classes = {
	};
	objectVersion = 46;
	objects = {

/* Begin PBXBuildFile section */
		31C9A2211BB9165A00D2A1A4 /* main.m in Sources */ = {isa = PBXBuildFile; fileRef = 31C9A2201BB9165A00D2A1A4 /* main.m */; };
		31C9A2241BB9165A00D2A1A4 /* AppDelegate.m in Sources */ = {isa = PBXBuildFile; fileRef = 31C9A2231BB9165A00D2A1A4 /* AppDelegate.m */; };
		31C9A2271BB9165A00D2A1A4 /* ViewController.m in Sources */ = {isa = PBXBuildFile; fileRef = 31C9A2261BB9165A00D2A1A4 /* ViewController.m */; };
		31C9A22A1BB9165A00D2A1A4 /* Main.storyboard in Resources */ = {isa = PBXBuildFile; fileRef = 31C9A2281BB9165A00D2A1A4 /* Main.storyboard */; };
		31C9A22C1BB9165A00D2A1A4 /* Images.xcassets in Resources */ = {isa = PBXBuildFile; fileRef = 31C9A22B1BB9165A00D2A1A4 /* Images.xcassets */; };
		31C9A22F1BB9165A00D2A1A4 /* LaunchScreen.xib in Resources */ = {isa = PBXBuildFile; fileRef = 31C9A22D1BB9165A00D2A1A4 /* LaunchScreen.xib */; };
		31C9A23B1BB9165A00D2A1A4 /* DemoLibraryTests.m in Sources */ = {isa = PBXBuildFile; fileRef = 31C9A23A1BB9165A00D2A1A4 /* DemoLibraryTests.m */; };
/* End PBXBuildFile section */

/* Begin PBXContainerItemProxy section */
		31C9A2351BB9165A00D2A1A4 /* PBXContainerItemProxy */ = {
			isa = PBXContainerItemProxy;
			containerPortal = 31C9A2131BB9165900D2A1A4 /* Project object */;
			proxyType = 1;
			remoteGlobalIDString = 31C9A21A1BB9165900D2A1A4;
			remoteInfo = DemoLibrary;
		};
/* End PBXContainerItemProxy section */

/* Begin PBXFileReference section */
		31C9A21B1BB9165900D2A1A4 /* DemoLibrary.app */ = {isa = PBXFileReference; explicitFileType = wrapper.application; includeInIndex = 0; path = DemoLibrary.app; sourceTree = BUILT_PRODUCTS_DIR; };
		31C9A21F1BB9165A00D2A1A4 /* Info.plist */ = {isa = PBXFileReference; lastKnownFileType = text.plist.xml; path = Info.plist; sourceTree = "<group>"; };
		31C9A2201BB9165A00D2A1A4 /* main.m */ = {isa = PBXFileReference; lastKnownFileType = sourcecode.c.objc; path = main.m; sourceTree = "<group>"; };
		31C9A2221BB9165A00D2A1A4 /* AppDelegate.h */ = {isa = PBXFileReference; lastKnownFileType = sourcecode.c.h; path = AppDelegate.h; sourceTree = "<group>"; };
		31C9A2231BB9165A00D2A1A4 /* AppDelegate.m */ = {isa = PBXFileReference; lastKnownFileType = sourcecode.c.objc; path = AppDelegate.m; sourceTree = "<group>"; };
		31C9A2251BB9165A00D2A1A4 /* ViewController.h */ = {isa = PBXFileReference; lastKnownFileType = sourcecode.c.h; path = ViewController.h; sourceTree = "<group>"; };
		31C9A2261BB9165A00D2A1A4 /* ViewController.m */ = {isa = PBXFileReference; lastKnownFileType = sourcecode.c.objc; path = ViewController.m; sourceTree = "<group>"; };
		31C9A2291BB9165A00D2A1A4 /* Base */ = {isa = PBXFileReference; lastKnownFileType = file.storyboard; name = Base; path = Base.lproj/Main.storyboard; sourceTree = "<group>"; };
		31C9A22B1BB9165A00D2A1A4 /* Images.xcassets */ = {isa = PBXFileReference; lastKnownFileType = folder.assetcatalog; path = Images.xcassets; sourceTree = "<group>"; };
		31C9A22E1BB9165A00D2A1A4 /* Base */ = {isa = PBXFileReference; lastKnownFileType = file.xib; name = Base; path = Base.lproj/LaunchScreen.xib; sourceTree = "<group>"; };
		31C9A2341BB9165A00D2A1A4 /* DemoLibraryTests.xctest */ = {isa = PBXFileReference; explicitFileType = wrapper.cfbundle; includeInIndex = 0; path = DemoLibraryTests.xctest; sourceTree = BUILT_PRODUCTS_DIR; };
		31C9A2391BB9165A00D2A1A4 /* Info.plist */ = {isa = PBXFileReference; lastKnownFileType = text.plist.xml; path = Info.plist; sourceTree = "<group>"; };
		31C9A23A1BB9165A00D2A1A4 /* DemoLibraryTests.m */ = {isa = PBXFileReference; lastKnownFileType = sourcecode.c.objc; path = DemoLibraryTests.m; sourceTree = "<group>"; };
/* End PBXFileReference section */

/* Begin PBXFrameworksBuildPhase section */
		31C9A2181BB9165900D2A1A4 /* Frameworks */ = {
			isa = PBXFrameworksBuildPhase;
			buildActionMask = 2147483647;
			files = (
			);
			runOnlyForDeploymentPostprocessing = 0;
		};
		31C9A2311BB9165A00D2A1A4 /* Frameworks */ = {
			isa = PBXFrameworksBuildPhase;
			buildActionMask = 2147483647;
			files = (
			);
			runOnlyForDeploymentPostprocessing = 0;
		};
/* End PBXFrameworksBuildPhase section */

/* Begin PBXGroup section */
		31C9A2121BB9165900D2A1A4 = {
			isa = PBXGroup;
			children = (
				31C9A21D1BB9165900D2A1A4 /* DemoLibrary */,
				31C9A2371BB9165A00D2A1A4 /* DemoLibraryTests */,
				31C9A21C1BB9165900D2A1A4 /* Products */,
			);
			sourceTree = "<group>";
		};
		31C9A21C1BB9165900D2A1A4 /* Products */ = {
			isa = PBXGroup;
			children = (
				31C9A21B1BB9165900D2A1A4 /* DemoLibrary.app */,
				31C9A2341BB9165A00D2A1A4 /* DemoLibraryTests.xctest */,
			);
			name = Products;
			sourceTree = "<group>";
		};
		31C9A21D1BB9165900D2A1A4 /* DemoLibrary */ = {
			isa = PBXGroup;
			children = (
				31C9A2221BB9165A00D2A1A4 /* AppDelegate.h */,
				31C9A2231BB9165A00D2A1A4 /* AppDelegate.m */,
				31C9A2251BB9165A00D2A1A4 /* ViewController.h */,
				31C9A2261BB9165A00D2A1A4 /* ViewController.m */,
				31C9A2281BB9165A00D2A1A4 /* Main.storyboard */,
				31C9A22B1BB9165A00D2A1A4 /* Images.xcassets */,
				31C9A22D1BB9165A00D2A1A4 /* LaunchScreen.xib */,
				31C9A21E1BB9165900D2A1A4 /* Supporting Files */,
			);
			path = DemoLibrary;
			sourceTree = "<group>";
		};
		31C9A21E1BB9165900D2A1A4 /* Supporting Files */ = {
			isa = PBXGroup;
			children = (
				31C9A21F1BB9165A00D2A1A4 /* Info.plist */,
				31C9A2201BB9165A00D2A1A4 /* main.m */,
			);
			name = "Supporting Files";
			sourceTree = "<group>";
		};
		31C9A2371BB9165A00D2A1A4 /* DemoLibraryTests */ = {
			isa = PBXGroup;
			children = (
				31C9A23A1BB9165A00D2A1A4 /* DemoLibraryTests.m */,
				31C9A2381BB9165A00D2A1A4 /* Supporting Files */,
			);
			path = DemoLibraryTests;
			sourceTree = "<group>";
		};
		31C9A2381BB9165A00D2A1A4 /* Supporting Files */ = {
			isa = PBXGroup;
			children = (
				31C9A2391BB9165A00D2A1A4 /* Info.plist */,
			);
			name = "Supporting Files";
			sourceTree = "<group>";
		};
/* End PBXGroup section */

/* Begin PBXNativeTarget section */
		31C9A21A1BB9165900D2A1A4 /* DemoLibrary */ = {
			isa = PBXNativeTarget;
			buildConfigurationList = 31C9A23E1BB9165A00D2A1A4 /* Build configuration list for PBXNativeTarget "DemoLibrary" */;
			buildPhases = (
				31C9A2171BB9165900D2A1A4 /* Sources */,
				31C9A2181BB9165900D2A1A4 /* Frameworks */,
				31C9A2191BB9165900D2A1A4 /* Resources */,
			);
			buildRules = (
			);
			dependencies = (
			);
			name = DemoLibrary;
			productName = DemoLibrary;
			productReference = 31C9A21B1BB9165900D2A1A4 /* DemoLibrary.app */;
			productType = "com.apple.product-type.application";
		};
		31C9A2331BB9165A00D2A1A4 /* DemoLibraryTests */ = {
			isa = PBXNativeTarget;
			buildConfigurationList = 31C9A2411BB9165A00D2A1A4 /* Build configuration list for PBXNativeTarget "DemoLibraryTests" */;
			buildPhases = (
				31C9A2301BB9165A00D2A1A4 /* Sources */,
				31C9A2311BB9165A00D2A1A4 /* Frameworks */,
				31C9A2321BB9165A00D2A1A4 /* Resources */,
			);
			buildRules = (
			);
			dependencies = (
				31C9A2361BB9165A00D2A1A4 /* PBXTargetDependency */,
			);
			name = DemoLibraryTests;
			productName = DemoLibraryTests;
			productReference = 31C9A2341BB9165A00D2A1A4 /* DemoLibraryTests.xctest */;
			productType = "com.apple.product-type.bundle.unit-test";
		};
/* End PBXNativeTarget section */

/* Begin PBXProject section */
		31C9A2131BB9165900D2A1A4 /* Project object */ = {
			isa = PBXProject;
			attributes = {
				LastUpgradeCheck = 0640;
				ORGANIZATIONNAME = "Dipak Mishra";
				TargetAttributes = {
					31C9A21A1BB9165900D2A1A4 = {
						CreatedOnToolsVersion = 6.4;
					};
					31C9A2331BB9165A00D2A1A4 = {
						CreatedOnToolsVersion = 6.4;
						TestTargetID = 31C9A21A1BB9165900D2A1A4;
					};
				};
			};
			buildConfigurationList = 31C9A2161BB9165900D2A1A4 /* Build configuration list for PBXProject "DemoLibrary" */;
			compatibilityVersion = "Xcode 3.2";
			developmentRegion = English;
			hasScannedForEncodings = 0;
			knownRegions = (
				en,
				Base,
			);
			mainGroup = 31C9A2121BB9165900D2A1A4;
			productRefGroup = 31C9A21C1BB9165900D2A1A4 /* Products */;
			projectDirPath = "";
			projectRoot = "";
			targets = (
				31C9A21A1BB9165900D2A1A4 /* DemoLibrary */,
				31C9A2331BB9165A00D2A1A4 /* DemoLibraryTests */,
			);
		};
/* End PBXProject section */

/* Begin PBXResourcesBuildPhase section */
		31C9A2191BB9165900D2A1A4 /* Resources */ = {
			isa = PBXResourcesBuildPhase;
			buildActionMask = 2147483647;
			files = (
				31C9A22A1BB9165A00D2A1A4 /* Main.storyboard in Resources */,
				31C9A22F1BB9165A00D2A1A4 /* LaunchScreen.xib in Resources */,
				31C9A22C1BB9165A00D2A1A4 /* Images.xcassets in Resources */,
			);
			runOnlyForDeploymentPostprocessing = 0;
		};
		31C9A2321BB9165A00D2A1A4 /* Resources */ = {
			isa = PBXResourcesBuildPhase;
			buildActionMask = 2147483647;
			files = (
			);
			runOnlyForDeploymentPostprocessing = 0;
		};
/* End PBXResourcesBuildPhase section */

/* Begin PBXSourcesBuildPhase section */
		31C9A2171BB9165900D2A1A4 /* Sources */ = {
			isa = PBXSourcesBuildPhase;
			buildActionMask = 2147483647;
			files = (
				31C9A2271BB9165A00D2A1A4 /* ViewController.m in Sources */,
				31C9A2241BB9165A00D2A1A4 /* AppDelegate.m in Sources */,
				31C9A2211BB9165A00D2A1A4 /* main.m in Sources */,
			);
			runOnlyForDeploymentPostprocessing = 0;
		};
		31C9A2301BB9165A00D2A1A4 /* Sources */ = {
			isa = PBXSourcesBuildPhase;
			buildActionMask = 2147483647;
			files = (
				31C9A23B1BB9165A00D2A1A4 /* DemoLibraryTests.m in Sources */,
			);
			runOnlyForDeploymentPostprocessing = 0;
		};
/* End PBXSourcesBuildPhase section */

/* Begin PBXTargetDependency section */
		31C9A2361BB9165A00D2A1A4 /* PBXTargetDependency */ = {
			isa = PBXTargetDependency;
			target = 31C9A21A1BB9165900D2A1A4 /* DemoLibrary */;
			targetProxy = 31C9A2351BB9165A00D2A1A4 /* PBXContainerItemProxy */;
		};
/* End PBXTargetDependency section */

/* Begin PBXVariantGroup section */
		31C9A2281BB9165A00D2A1A4 /* Main.storyboard */ = {
			isa = PBXVariantGroup;
			children = (
				31C9A2291BB9165A00D2A1A4 /* Base */,
			);
			name = Main.storyboard;
			sourceTree = "<group>";
		};
		31C9A22D1BB9165A00D2A1A4 /* LaunchScreen.xib */ = {
			isa = PBXVariantGroup;
			children = (
				31C9A22E1BB9165A00D2A1A4 /* Base */,
			);
			name = LaunchScreen.xib;
			sourceTree = "<group>";
		};
/* End PBXVariantGroup section */

/* Begin XCBuildConfiguration section */
		31C9A23C1BB9165A00D2A1A4 /* Debug */ = {
			isa = XCBuildConfiguration;
			buildSettings = {
				ALWAYS_SEARCH_USER_PATHS = NO;
				CLANG_CXX_LANGUAGE_STANDARD = "gnu++0x";
				CLANG_CXX_LIBRARY = "libc++";
				CLANG_ENABLE_MODULES = YES;
				CLANG_ENABLE_OBJC_ARC = YES;
				CLANG_WARN_BOOL_CONVERSION = YES;
				CLANG_WARN_CONSTANT_CONVERSION = YES;
				CLANG_WARN_DIRECT_OBJC_ISA_USAGE = YES_ERROR;
				CLANG_WARN_EMPTY_BODY = YES;
				CLANG_WARN_ENUM_CONVERSION = YES;
				CLANG_WARN_INT_CONVERSION = YES;
				CLANG_WARN_OBJC_ROOT_CLASS = YES_ERROR;
				CLANG_WARN_UNREACHABLE_CODE = YES;
				CLANG_WARN__DUPLICATE_METHOD_MATCH = YES;
				"CODE_SIGN_IDENTITY[sdk=iphoneos*]" = "iPhone Developer";
				COPY_PHASE_STRIP = NO;
				DEBUG_INFORMATION_FORMAT = "dwarf-with-dsym";
				ENABLE_STRICT_OBJC_MSGSEND = YES;
				GCC_C_LANGUAGE_STANDARD = gnu99;
				GCC_DYNAMIC_NO_PIC = NO;
				GCC_NO_COMMON_BLOCKS = YES;
				GCC_OPTIMIZATION_LEVEL = 0;
				GCC_PREPROCESSOR_DEFINITIONS = (
					"DEBUG=1",
					"$(inherited)",
				);
				GCC_SYMBOLS_PRIVATE_EXTERN = NO;
				GCC_WARN_64_TO_32_BIT_CONVERSION = YES;
				GCC_WARN_ABOUT_RETURN_TYPE = YES_ERROR;
				GCC_WARN_UNDECLARED_SELECTOR = YES;
				GCC_WARN_UNINITIALIZED_AUTOS = YES_AGGRESSIVE;
				GCC_WARN_UNUSED_FUNCTION = YES;
				GCC_WARN_UNUSED_VARIABLE = YES;
				IPHONEOS_DEPLOYMENT_TARGET = 8.4;
				MTL_ENABLE_DEBUG_INFO = YES;
				ONLY_ACTIVE_ARCH = YES;
				SDKROOT = iphoneos;
			};
			name = Debug;
		};
		31C9A23D1BB9165A00D2A1A4 /* Release */ = {
			isa = XCBuildConfiguration;
			buildSettings = {
				ALWAYS_SEARCH_USER_PATHS = NO;
				CLANG_CXX_LANGUAGE_STANDARD = "gnu++0x";
				CLANG_CXX_LIBRARY = "libc++";
				CLANG_ENABLE_MODULES = YES;
				CLANG_ENABLE_OBJC_ARC = YES;
				CLANG_WARN_BOOL_CONVERSION = YES;
				CLANG_WARN_CONSTANT_CONVERSION = YES;
				CLANG_WARN_DIRECT_OBJC_ISA_USAGE = YES_ERROR;
				CLANG_WARN_EMPTY_BODY = YES;
				CLANG_WARN_ENUM_CONVERSION = YES;
				CLANG_WARN_INT_CONVERSION = YES;
				CLANG_WARN_OBJC_ROOT_CLASS = YES_ERROR;
				CLANG_WARN_UNREACHABLE_CODE = YES;
				CLANG_WARN__DUPLICATE_METHOD_MATCH = YES;
				"CODE_SIGN_IDENTITY[sdk=iphoneos*]" = "iPhone Developer";
				COPY_PHASE_STRIP = NO;
				DEBUG_INFORMATION_FORMAT = "dwarf-with-dsym";
				ENABLE_NS_ASSERTIONS = NO;
				ENABLE_STRICT_OBJC_MSGSEND = YES;
				GCC_C_LANGUAGE_STANDARD = gnu99;
				GCC_NO_COMMON_BLOCKS = YES;
				GCC_WARN_64_TO_32_BIT_CONVERSION = YES;
				GCC_WARN_ABOUT_RETURN_TYPE = YES_ERROR;
				GCC_WARN_UNDECLARED_SELECTOR = YES;
				GCC_WARN_UNINITIALIZED_AUTOS = YES_AGGRESSIVE;
				GCC_WARN_UNUSED_FUNCTION = YES;
				GCC_WARN_UNUSED_VARIABLE = YES;
				IPHONEOS_DEPLOYMENT_TARGET = 8.4;
				MTL_ENABLE_DEBUG_INFO = NO;
				SDKROOT = iphoneos;
				VALIDATE_PRODUCT = YES;
			};
			name = Release;
		};
		31C9A23F1BB9165A00D2A1A4 /* Debug */ = {
			isa = XCBuildConfiguration;
			buildSettings = {
				ASSETCATALOG_COMPILER_APPICON_NAME = AppIcon;
				INFOPLIST_FILE = DemoLibrary/Info.plist;
				LD_RUNPATH_SEARCH_PATHS = "$(inherited) @executable_path/Frameworks";
				PRODUCT_NAME = "$(TARGET_NAME)";
			};
			name = Debug;
		};
		31C9A2401BB9165A00D2A1A4 /* Release */ = {
			isa = XCBuildConfiguration;
			buildSettings = {
				ASSETCATALOG_COMPILER_APPICON_NAME = AppIcon;
				INFOPLIST_FILE = DemoLibrary/Info.plist;
				LD_RUNPATH_SEARCH_PATHS = "$(inherited) @executable_path/Frameworks";
				PRODUCT_NAME = "$(TARGET_NAME)";
			};
			name = Release;
		};
		31C9A2421BB9165A00D2A1A4 /* Debug */ = {
			isa = XCBuildConfiguration;
			buildSettings = {
				BUNDLE_LOADER = "$(TEST_HOST)";
				FRAMEWORK_SEARCH_PATHS = (
					"$(SDKROOT)/Developer/Library/Frameworks",
					"$(inherited)",
				);
				GCC_PREPROCESSOR_DEFINITIONS = (
					"DEBUG=1",
					"$(inherited)",
				);
				INFOPLIST_FILE = DemoLibraryTests/Info.plist;
				LD_RUNPATH_SEARCH_PATHS = "$(inherited) @executable_path/Frameworks @loader_path/Frameworks";
				PRODUCT_NAME = "$(TARGET_NAME)";
				TEST_HOST = "$(BUILT_PRODUCTS_DIR)/DemoLibrary.app/DemoLibrary";
			};
			name = Debug;
		};
		31C9A2431BB9165A00D2A1A4 /* Release */ = {
			isa = XCBuildConfiguration;
			buildSettings = {
				BUNDLE_LOADER = "$(TEST_HOST)";
				FRAMEWORK_SEARCH_PATHS = (
					"$(SDKROOT)/Developer/Library/Frameworks",
					"$(inherited)",
				);
				INFOPLIST_FILE = DemoLibraryTests/Info.plist;
				LD_RUNPATH_SEARCH_PATHS = "$(inherited) @executable_path/Frameworks @loader_path/Frameworks";
				PRODUCT_NAME = "$(TARGET_NAME)";
				TEST_HOST = "$(BUILT_PRODUCTS_DIR)/DemoLibrary.app/DemoLibrary";
			};
			name = Release;
		};
/* End XCBuildConfiguration section */

/* Begin XCConfigurationList section */
		31C9A2161BB9165900D2A1A4 /* Build configuration list for PBXProject "DemoLibrary" */ = {
			isa = XCConfigurationList;
			buildConfigurations = (
				31C9A23C1BB9165A00D2A1A4 /* Debug */,
				31C9A23D1BB9165A00D2A1A4 /* Release */,
			);
			defaultConfigurationIsVisible = 0;
			defaultConfigurationName = Release;
		};
		31C9A23E1BB9165A00D2A1A4 /* Build configuration list for PBXNativeTarget "DemoLibrary" */ = {
			isa = XCConfigurationList;
			buildConfigurations = (
				31C9A23F1BB9165A00D2A1A4 /* Debug */,
				31C9A2401BB9165A00D2A1A4 /* Release */,
			);
			defaultConfigurationIsVisible = 0;
		};
		31C9A2411BB9165A00D2A1A4 /* Build configuration list for PBXNativeTarget "DemoLibraryTests" */ = {
			isa = XCConfigurationList;
			buildConfigurations = (
				31C9A2421BB9165A00D2A1A4 /* Debug */,
				31C9A2431BB9165A00D2A1A4 /* Release */,
			);
			defaultConfigurationIsVisible = 0;
		};
/* End XCConfigurationList section */
	};
	rootObject = 31C9A2131BB9165900D2A1A4 /* Project object */;
}
